
Microsoft Visual Studio Solution File, Format Version 12.00
# Visual Studio Version 17
VisualStudioVersion = 17.8.34408.163
MinimumVisualStudioVersion = 10.0.40219.1
Project("{FAE04EC0-301F-11D3-BF4B-00C04F79EFBC}") = "Asm 2", "Asm 2\Asm 2.csproj", "{C7F1CA3D-F903-4E07-80D2-D00230C807A4}"
EndProject
Global
	GlobalSection(SolutionConfigurationPlatforms) = preSolution
		Debug|Any CPU = Debug|Any CPU
		Release|Any CPU = Release|Any CPU
	EndGlobalSection
	GlobalSection(ProjectConfigurationPlatforms) = postSolution
		{C7F1CA3D-F903-4E07-80D2-D00230C807A4}.Debug|Any CPU.ActiveCfg = Debug|Any CPU
		{C7F1CA3D-F903-4E07-80D2-D00230C807A4}.Debug|Any CPU.Build.0 = Debug|Any CPU
		{C7F1CA3D-F903-4E07-80D2-D00230C807A4}.Release|Any CPU.ActiveCfg = Release|Any CPU
		{C7F1CA3D-F903-4E07-80D2-D00230C807A4}.Release|Any CPU.Build.0 = Release|Any CPU
	EndGlobalSection
	GlobalSection(SolutionProperties) = preSolution
		HideSolutionNode = FALSE
	EndGlobalSection
	GlobalSection(ExtensibilityGlobals) = postSolution
		SolutionGuid = {80D9499F-9734-44A3-A3A2-ED5CD0E3EF89}
	EndGlobalSection
EndGlobal
